
Microsoft Visual Studio Solution File, Format Version 12.00
# Visual Studio Version 17
VisualStudioVersion = 17.9.34728.123
MinimumVisualStudioVersion = 10.0.40219.1
Project("{9A19103F-16F7-4668-BE54-9A1E7A4F7556}") = "Play.Catalog.Services", "Play.Catalog.Services\Play.Catalog.Services.csproj", "{96ADAA4E-AAB4-4E13-BFC7-A5E37FEDFFF6}"
EndProject
Project("{2150E333-8FDC-42A3-9474-1A3956D46DE8}") = "Play.Catalog", "Play.Catalog", "{53459922-E35F-4B0C-B851-ED1D6F7AFCE6}"
EndProject
Project("{2150E333-8FDC-42A3-9474-1A3956D46DE8}") = "Play.Common", "Play.Common", "{373955F8-40E0-4EFB-AEBF-320CC4CDE612}"
EndProject
Project("{9A19103F-16F7-4668-BE54-9A1E7A4F7556}") = "Play.Common", "Play.Common\Play.Common.csproj", "{8BA916AA-7D39-49FA-94B7-08E9F3DE00CB}"
EndProject
Project("{2150E333-8FDC-42A3-9474-1A3956D46DE8}") = "Play.Inventory", "Play.Inventory", "{6AA63970-75B6-44FF-9ECB-315AC945EB0C}"
EndProject
Project("{9A19103F-16F7-4668-BE54-9A1E7A4F7556}") = "Play.Inventory.Services", "Play.Inventory.Services\Play.Inventory.Services.csproj", "{B9AEB526-645C-4D78-A3E0-F8B6769A1B21}"
EndProject
Project("{FAE04EC0-301F-11D3-BF4B-00C04F79EFBC}") = "Play.Catalog.Contracts", "Play.Catalog.Contracts\Play.Catalog.Contracts.csproj", "{108ABE7C-47BE-4B65-8787-FD2186510FB4}"
EndProject
Global
	GlobalSection(SolutionConfigurationPlatforms) = preSolution
		Debug|Any CPU = Debug|Any CPU
		Release|Any CPU = Release|Any CPU
	EndGlobalSection
	GlobalSection(ProjectConfigurationPlatforms) = postSolution
		{96ADAA4E-AAB4-4E13-BFC7-A5E37FEDFFF6}.Debug|Any CPU.ActiveCfg = Debug|Any CPU
		{96ADAA4E-AAB4-4E13-BFC7-A5E37FEDFFF6}.Debug|Any CPU.Build.0 = Debug|Any CPU
		{96ADAA4E-AAB4-4E13-BFC7-A5E37FEDFFF6}.Release|Any CPU.ActiveCfg = Release|Any CPU
		{96ADAA4E-AAB4-4E13-BFC7-A5E37FEDFFF6}.Release|Any CPU.Build.0 = Release|Any CPU
		{8BA916AA-7D39-49FA-94B7-08E9F3DE00CB}.Debug|Any CPU.ActiveCfg = Debug|Any CPU
		{8BA916AA-7D39-49FA-94B7-08E9F3DE00CB}.Debug|Any CPU.Build.0 = Debug|Any CPU
		{8BA916AA-7D39-49FA-94B7-08E9F3DE00CB}.Release|Any CPU.ActiveCfg = Release|Any CPU
		{8BA916AA-7D39-49FA-94B7-08E9F3DE00CB}.Release|Any CPU.Build.0 = Release|Any CPU
		{B9AEB526-645C-4D78-A3E0-F8B6769A1B21}.Debug|Any CPU.ActiveCfg = Debug|Any CPU
		{B9AEB526-645C-4D78-A3E0-F8B6769A1B21}.Debug|Any CPU.Build.0 = Debug|Any CPU
		{B9AEB526-645C-4D78-A3E0-F8B6769A1B21}.Release|Any CPU.ActiveCfg = Release|Any CPU
		{B9AEB526-645C-4D78-A3E0-F8B6769A1B21}.Release|Any CPU.Build.0 = Release|Any CPU
		{108ABE7C-47BE-4B65-8787-FD2186510FB4}.Debug|Any CPU.ActiveCfg = Debug|Any CPU
		{108ABE7C-47BE-4B65-8787-FD2186510FB4}.Debug|Any CPU.Build.0 = Debug|Any CPU
		{108ABE7C-47BE-4B65-8787-FD2186510FB4}.Release|Any CPU.ActiveCfg = Release|Any CPU
		{108ABE7C-47BE-4B65-8787-FD2186510FB4}.Release|Any CPU.Build.0 = Release|Any CPU
	EndGlobalSection
	GlobalSection(SolutionProperties) = preSolution
		HideSolutionNode = FALSE
	EndGlobalSection
	GlobalSection(NestedProjects) = preSolution
		{96ADAA4E-AAB4-4E13-BFC7-A5E37FEDFFF6} = {53459922-E35F-4B0C-B851-ED1D6F7AFCE6}
		{8BA916AA-7D39-49FA-94B7-08E9F3DE00CB} = {373955F8-40E0-4EFB-AEBF-320CC4CDE612}
		{B9AEB526-645C-4D78-A3E0-F8B6769A1B21} = {6AA63970-75B6-44FF-9ECB-315AC945EB0C}
		{108ABE7C-47BE-4B65-8787-FD2186510FB4} = {53459922-E35F-4B0C-B851-ED1D6F7AFCE6}
	EndGlobalSection
	GlobalSection(ExtensibilityGlobals) = postSolution
		SolutionGuid = {9D58E24C-B320-423F-AA5A-DA2BCEFC4D77}
	EndGlobalSection
EndGlobal
